{
  "name": "test-node-typescript-repository",
  "version": "0.0.51-0",
  "lockfileVersion": 1,
  "requires": true,
  "dependencies": {
    "@types/xregexp": {
      "version": "3.0.29",
      "resolved": "https://registry.npmjs.org/@types/xregexp/-/xregexp-3.0.29.tgz",
      "integrity": "sha512-mm6iZYQ1xbVBNsWq2VSMFuneRuO0k0wUqIT4ZfrtbD1Eb90DXmqBOPA/URyUHq6wsftxr8aXDJHTTHyyBBY95w=="
    },
    "xregexp": {
      "version": "3.2.0",
      "resolved": "https://registry.npmjs.org/xregexp/-/xregexp-3.2.0.tgz",
      "integrity": "sha1-yzYBmHv+JpW1hAAMGPHEqMMih44="
    }
  }
}
