{
  "name": "vamtiger-test-node-typescript-repository",
  "version": "0.0.119",
  "lockfileVersion": 1,
  "requires": true,
  "dependencies": {
    "@types/node": {
      "version": "8.0.53",
      "resolved": "https://registry.npmjs.org/@types/node/-/node-8.0.53.tgz",
      "integrity": "sha512-54Dm6NwYeiSQmRB1BLXKr5GELi0wFapR1npi8bnZhEcu84d/yQKqnwwXQ56hZ0RUbTG6L5nqDZaN3dgByQXQRQ==",
      "dev": true
    },
    "@types/typescript": {
      "version": "2.0.0",
      "resolved": "https://registry.npmjs.org/@types/typescript/-/typescript-2.0.0.tgz",
      "integrity": "sha1-xDNTnJi64oaCswfqp6D9IRW4PCg=",
      "dev": true,
      "requires": {
        "typescript": "2.6.1"
      }
    },
    "bluebird": {
      "version": "3.5.1",
      "resolved": "https://registry.npmjs.org/bluebird/-/bluebird-3.5.1.tgz",
      "integrity": "sha512-MKiLiV+I1AA596t9w1sQJ8jkiSr5+ZKi0WKrYGUn6d1Fx+Ij4tIj+m2WMQSGczs5jZVxV339chE8iwk6F64wjA=="
    },
    "typescript": {
      "version": "2.6.1",
      "resolved": "https://registry.npmjs.org/typescript/-/typescript-2.6.1.tgz",
      "integrity": "sha1-7znN6ierrAtQAkLWcmq5DgyEZjE=",
      "dev": true
    },
    "vamtiger-argv": {
      "version": "1.2.0",
      "resolved": "https://registry.npmjs.org/vamtiger-argv/-/vamtiger-argv-1.2.0.tgz",
      "integrity": "sha1-SWL89qoVGsgLWRf7WY3jMXctVzM="
    },
    "vamtiger-bash": {
      "version": "0.0.11",
      "resolved": "https://registry.npmjs.org/vamtiger-bash/-/vamtiger-bash-0.0.11.tgz",
      "integrity": "sha512-zGgno0W8vZCw+PgCmKH2XSXzgRqmmmqNZr+XfhmOPAUcTzBh3dtdDahlTN91ETaKsbiBzIdj8tjExz77kscw0w==",
      "requires": {
        "bluebird": "3.5.1"
      }
    },
    "vamtiger-node-typescript-commit": {
      "version": "0.0.2",
      "resolved": "https://registry.npmjs.org/vamtiger-node-typescript-commit/-/vamtiger-node-typescript-commit-0.0.2.tgz",
      "integrity": "sha512-unO51vrk01MxWwp/RYfIBT9DfR8D3fZ/SSJQ9sAR8qpakfyLsKxsVEoAbAL1Hc6LHBjxVt9QC4miVaHM/GQLGw==",
      "requires": {
        "bluebird": "3.5.1",
        "vamtiger-argv": "1.2.0",
        "vamtiger-bash": "0.0.11",
        "xregexp": "3.2.0"
      },
      "dependencies": {
        "vamtiger-node-typescript-commit": {
          "version": "file:../vamtiger-node-typescript-commit",
          "dev": true,
          "requires": {
            "bluebird": "3.5.1",
            "vamtiger-argv": "1.2.0",
            "vamtiger-bash": "0.0.11",
            "vamtiger-node-typescript-commit": "file:../vamtiger-node-typescript-commit",
            "xregexp": "3.2.0"
          },
          "dependencies": {
            "@types/bluebird": {
              "version": "3.5.18",
              "bundled": true
            },
            "@types/chai": {
              "version": "4.0.5",
              "bundled": true
            },
            "@types/mocha": {
              "version": "2.2.44",
              "bundled": true
            },
            "@types/moment": {
              "version": "2.13.0",
              "bundled": true,
              "requires": {
                "moment": "2.19.2"
              }
            },
            "@types/node": {
              "version": "8.0.53",
              "bundled": true
            },
            "@types/typescript": {
              "version": "2.0.0",
              "bundled": true,
              "requires": {
                "typescript": "2.6.1"
              }
            },
            "@types/xregexp": {
              "version": "3.0.29",
              "bundled": true
            },
            "assertion-error": {
              "version": "1.0.2",
              "bundled": true
            },
            "balanced-match": {
              "version": "1.0.0",
              "bundled": true
            },
            "bluebird": {
              "version": "3.5.1",
              "bundled": true,
              "dev": true
            },
            "brace-expansion": {
              "version": "1.1.8",
              "bundled": true,
              "requires": {
                "balanced-match": "1.0.0",
                "concat-map": "0.0.1"
              }
            },
            "browser-stdout": {
              "version": "1.3.0",
              "bundled": true
            },
            "chai": {
              "version": "4.1.2",
              "bundled": true,
              "requires": {
                "assertion-error": "1.0.2",
                "check-error": "1.0.2",
                "deep-eql": "3.0.1",
                "get-func-name": "2.0.0",
                "pathval": "1.1.0",
                "type-detect": "4.0.5"
              }
            },
            "check-error": {
              "version": "1.0.2",
              "bundled": true
            },
            "commander": {
              "version": "2.11.0",
              "bundled": true
            },
            "concat-map": {
              "version": "0.0.1",
              "bundled": true
            },
            "debug": {
              "version": "3.1.0",
              "bundled": true,
              "requires": {
                "ms": "2.0.0"
              }
            },
            "deep-eql": {
              "version": "3.0.1",
              "bundled": true,
              "requires": {
                "type-detect": "4.0.5"
              }
            },
            "diff": {
              "version": "3.3.1",
              "bundled": true
            },
            "escape-string-regexp": {
              "version": "1.0.5",
              "bundled": true
            },
            "fs.realpath": {
              "version": "1.0.0",
              "bundled": true
            },
            "get-func-name": {
              "version": "2.0.0",
              "bundled": true
            },
            "glob": {
              "version": "7.1.2",
              "bundled": true,
              "requires": {
                "fs.realpath": "1.0.0",
                "inflight": "1.0.6",
                "inherits": "2.0.3",
                "minimatch": "3.0.4",
                "once": "1.4.0",
                "path-is-absolute": "1.0.1"
              }
            },
            "growl": {
              "version": "1.10.3",
              "bundled": true
            },
            "has-flag": {
              "version": "2.0.0",
              "bundled": true
            },
            "he": {
              "version": "1.1.1",
              "bundled": true
            },
            "inflight": {
              "version": "1.0.6",
              "bundled": true,
              "requires": {
                "once": "1.4.0",
                "wrappy": "1.0.2"
              }
            },
            "inherits": {
              "version": "2.0.3",
              "bundled": true
            },
            "minimatch": {
              "version": "3.0.4",
              "bundled": true,
              "requires": {
                "brace-expansion": "1.1.8"
              }
            },
            "minimist": {
              "version": "0.0.8",
              "bundled": true
            },
            "mkdirp": {
              "version": "0.5.1",
              "bundled": true,
              "requires": {
                "minimist": "0.0.8"
              }
            },
            "mocha": {
              "version": "4.0.1",
              "bundled": true,
              "requires": {
                "browser-stdout": "1.3.0",
                "commander": "2.11.0",
                "debug": "3.1.0",
                "diff": "3.3.1",
                "escape-string-regexp": "1.0.5",
                "glob": "7.1.2",
                "growl": "1.10.3",
                "he": "1.1.1",
                "mkdirp": "0.5.1",
                "supports-color": "4.4.0"
              }
            },
            "moment": {
              "version": "2.19.2",
              "bundled": true
            },
            "ms": {
              "version": "2.0.0",
              "bundled": true
            },
            "once": {
              "version": "1.4.0",
              "bundled": true,
              "requires": {
                "wrappy": "1.0.2"
              }
            },
            "path-is-absolute": {
              "version": "1.0.1",
              "bundled": true
            },
            "pathval": {
              "version": "1.1.0",
              "bundled": true
            },
            "supports-color": {
              "version": "4.4.0",
              "bundled": true,
              "requires": {
                "has-flag": "2.0.0"
              }
            },
            "type-detect": {
              "version": "4.0.5",
              "bundled": true
            },
            "typescript": {
              "version": "2.6.1",
              "bundled": true
            },
            "vamtiger-argv": {
              "version": "1.2.0",
              "bundled": true,
              "dev": true
            },
            "vamtiger-bash": {
              "version": "0.0.11",
              "bundled": true,
              "dev": true,
              "requires": {
                "bluebird": "3.5.1"
              }
            },
            "vamtiger-node-typescript-commit": {
              "version": "0.0.1-0",
              "bundled": true,
              "requires": {
                "bluebird": "3.5.1",
                "vamtiger-argv": "1.2.0",
                "vamtiger-bash": "0.0.11",
                "xregexp": "3.2.0"
              },
              "dependencies": {
                "@types/bluebird": {
                  "version": "3.5.18",
                  "bundled": true
                },
                "@types/chai": {
                  "version": "4.0.5",
                  "bundled": true
                },
                "@types/mocha": {
                  "version": "2.2.44",
                  "bundled": true
                },
                "@types/moment": {
                  "version": "2.13.0",
                  "bundled": true,
                  "requires": {
                    "moment": "2.19.2"
                  }
                },
                "@types/node": {
                  "version": "8.0.53",
                  "bundled": true
                },
                "@types/typescript": {
                  "version": "2.0.0",
                  "bundled": true,
                  "requires": {
                    "typescript": "2.6.1"
                  }
                },
                "@types/xregexp": {
                  "version": "3.0.29",
                  "bundled": true
                },
                "assertion-error": {
                  "version": "1.0.2",
                  "bundled": true
                },
                "balanced-match": {
                  "version": "1.0.0",
                  "bundled": true
                },
                "bluebird": {
                  "version": "3.5.1",
                  "bundled": true
                },
                "brace-expansion": {
                  "version": "1.1.8",
                  "bundled": true,
                  "requires": {
                    "balanced-match": "1.0.0",
                    "concat-map": "0.0.1"
                  }
                },
                "browser-stdout": {
                  "version": "1.3.0",
                  "bundled": true
                },
                "chai": {
                  "version": "4.1.2",
                  "bundled": true,
                  "requires": {
                    "assertion-error": "1.0.2",
                    "check-error": "1.0.2",
                    "deep-eql": "3.0.1",
                    "get-func-name": "2.0.0",
                    "pathval": "1.1.0",
                    "type-detect": "4.0.5"
                  }
                },
                "check-error": {
                  "version": "1.0.2",
                  "bundled": true
                },
                "commander": {
                  "version": "2.11.0",
                  "bundled": true
                },
                "concat-map": {
                  "version": "0.0.1",
                  "bundled": true
                },
                "debug": {
                  "version": "3.1.0",
                  "bundled": true,
                  "requires": {
                    "ms": "2.0.0"
                  }
                },
                "deep-eql": {
                  "version": "3.0.1",
                  "bundled": true,
                  "requires": {
                    "type-detect": "4.0.5"
                  }
                },
                "diff": {
                  "version": "3.3.1",
                  "bundled": true
                },
                "escape-string-regexp": {
                  "version": "1.0.5",
                  "bundled": true
                },
                "fs.realpath": {
                  "version": "1.0.0",
                  "bundled": true
                },
                "get-func-name": {
                  "version": "2.0.0",
                  "bundled": true
                },
                "glob": {
                  "version": "7.1.2",
                  "bundled": true,
                  "requires": {
                    "fs.realpath": "1.0.0",
                    "inflight": "1.0.6",
                    "inherits": "2.0.3",
                    "minimatch": "3.0.4",
                    "once": "1.4.0",
                    "path-is-absolute": "1.0.1"
                  }
                },
                "growl": {
                  "version": "1.10.3",
                  "bundled": true
                },
                "has-flag": {
                  "version": "2.0.0",
                  "bundled": true
                },
                "he": {
                  "version": "1.1.1",
                  "bundled": true
                },
                "inflight": {
                  "version": "1.0.6",
                  "bundled": true,
                  "requires": {
                    "once": "1.4.0",
                    "wrappy": "1.0.2"
                  }
                },
                "inherits": {
                  "version": "2.0.3",
                  "bundled": true
                },
                "minimatch": {
                  "version": "3.0.4",
                  "bundled": true,
                  "requires": {
                    "brace-expansion": "1.1.8"
                  }
                },
                "minimist": {
                  "version": "0.0.8",
                  "bundled": true
                },
                "mkdirp": {
                  "version": "0.5.1",
                  "bundled": true,
                  "requires": {
                    "minimist": "0.0.8"
                  }
                },
                "mocha": {
                  "version": "4.0.1",
                  "bundled": true,
                  "requires": {
                    "browser-stdout": "1.3.0",
                    "commander": "2.11.0",
                    "debug": "3.1.0",
                    "diff": "3.3.1",
                    "escape-string-regexp": "1.0.5",
                    "glob": "7.1.2",
                    "growl": "1.10.3",
                    "he": "1.1.1",
                    "mkdirp": "0.5.1",
                    "supports-color": "4.4.0"
                  }
                },
                "moment": {
                  "version": "2.19.2",
                  "bundled": true
                },
                "ms": {
                  "version": "2.0.0",
                  "bundled": true
                },
                "once": {
                  "version": "1.4.0",
                  "bundled": true,
                  "requires": {
                    "wrappy": "1.0.2"
                  }
                },
                "path-is-absolute": {
                  "version": "1.0.1",
                  "bundled": true
                },
                "pathval": {
                  "version": "1.1.0",
                  "bundled": true
                },
                "supports-color": {
                  "version": "4.4.0",
                  "bundled": true,
                  "requires": {
                    "has-flag": "2.0.0"
                  }
                },
                "type-detect": {
                  "version": "4.0.5",
                  "bundled": true
                },
                "typescript": {
                  "version": "2.6.1",
                  "bundled": true
                },
                "vamtiger-argv": {
                  "version": "1.2.0",
                  "bundled": true
                },
                "vamtiger-bash": {
                  "version": "0.0.11",
                  "bundled": true,
                  "requires": {
                    "bluebird": "3.5.1"
                  }
                },
                "vamtiger-test-node-typescript-repository": {
                  "version": "0.0.36",
                  "bundled": true
                },
                "wrappy": {
                  "version": "1.0.2",
                  "bundled": true
                },
                "xregexp": {
                  "version": "3.2.0",
                  "bundled": true
                }
              }
            },
            "vamtiger-test-node-typescript-repository": {
              "version": "0.0.36",
              "bundled": true
            },
            "wrappy": {
              "version": "1.0.2",
              "bundled": true
            },
            "xregexp": {
              "version": "3.2.0",
              "bundled": true,
              "dev": true
            }
          }
        }
      }
    },
    "xregexp": {
      "version": "3.2.0",
      "resolved": "https://registry.npmjs.org/xregexp/-/xregexp-3.2.0.tgz",
      "integrity": "sha1-yzYBmHv+JpW1hAAMGPHEqMMih44="
    }
  }
}
