{
  "name": "vamtiger-test-node-typescript-repository",
  "version": "0.0.103-0",
  "lockfileVersion": 1,
  "requires": true,
  "dependencies": {
    "vamtiger-node-typescript-commit": {
      "version": "file:../vamtiger-node-typescript-commit",
      "requires": {
        "bluebird": "3.5.1",
        "vamtiger-argv": "1.2.0",
        "vamtiger-bash": "0.0.11",
        "xregexp": "3.2.0"
      },
      "dependencies": {
        "@types/bluebird": {
          "version": "3.5.18",
          "bundled": true
        },
        "@types/chai": {
          "version": "4.0.5",
          "bundled": true
        },
        "@types/mocha": {
          "version": "2.2.44",
          "bundled": true
        },
        "@types/moment": {
          "version": "2.13.0",
          "bundled": true,
          "requires": {
            "moment": "2.19.2"
          }
        },
        "@types/node": {
          "version": "8.0.53",
          "bundled": true
        },
        "@types/typescript": {
          "version": "2.0.0",
          "bundled": true,
          "requires": {
            "typescript": "2.6.1"
          }
        },
        "@types/xregexp": {
          "version": "3.0.29",
          "bundled": true
        },
        "assertion-error": {
          "version": "1.0.2",
          "bundled": true
        },
        "balanced-match": {
          "version": "1.0.0",
          "bundled": true
        },
        "bluebird": {
          "version": "3.5.1",
          "bundled": true
        },
        "brace-expansion": {
          "version": "1.1.8",
          "bundled": true,
          "requires": {
            "balanced-match": "1.0.0",
            "concat-map": "0.0.1"
          }
        },
        "browser-stdout": {
          "version": "1.3.0",
          "bundled": true
        },
        "chai": {
          "version": "4.1.2",
          "bundled": true,
          "requires": {
            "assertion-error": "1.0.2",
            "check-error": "1.0.2",
            "deep-eql": "3.0.1",
            "get-func-name": "2.0.0",
            "pathval": "1.1.0",
            "type-detect": "4.0.5"
          }
        },
        "check-error": {
          "version": "1.0.2",
          "bundled": true
        },
        "commander": {
          "version": "2.11.0",
          "bundled": true
        },
        "concat-map": {
          "version": "0.0.1",
          "bundled": true
        },
        "debug": {
          "version": "3.1.0",
          "bundled": true,
          "requires": {
            "ms": "2.0.0"
          }
        },
        "deep-eql": {
          "version": "3.0.1",
          "bundled": true,
          "requires": {
            "type-detect": "4.0.5"
          }
        },
        "diff": {
          "version": "3.3.1",
          "bundled": true
        },
        "escape-string-regexp": {
          "version": "1.0.5",
          "bundled": true
        },
        "fs.realpath": {
          "version": "1.0.0",
          "bundled": true
        },
        "get-func-name": {
          "version": "2.0.0",
          "bundled": true
        },
        "glob": {
          "version": "7.1.2",
          "bundled": true,
          "requires": {
            "fs.realpath": "1.0.0",
            "inflight": "1.0.6",
            "inherits": "2.0.3",
            "minimatch": "3.0.4",
            "once": "1.4.0",
            "path-is-absolute": "1.0.1"
          }
        },
        "growl": {
          "version": "1.10.3",
          "bundled": true
        },
        "has-flag": {
          "version": "2.0.0",
          "bundled": true
        },
        "he": {
          "version": "1.1.1",
          "bundled": true
        },
        "inflight": {
          "version": "1.0.6",
          "bundled": true,
          "requires": {
            "once": "1.4.0",
            "wrappy": "1.0.2"
          }
        },
        "inherits": {
          "version": "2.0.3",
          "bundled": true
        },
        "minimatch": {
          "version": "3.0.4",
          "bundled": true,
          "requires": {
            "brace-expansion": "1.1.8"
          }
        },
        "minimist": {
          "version": "0.0.8",
          "bundled": true
        },
        "mkdirp": {
          "version": "0.5.1",
          "bundled": true,
          "requires": {
            "minimist": "0.0.8"
          }
        },
        "mocha": {
          "version": "4.0.1",
          "bundled": true,
          "requires": {
            "browser-stdout": "1.3.0",
            "commander": "2.11.0",
            "debug": "3.1.0",
            "diff": "3.3.1",
            "escape-string-regexp": "1.0.5",
            "glob": "7.1.2",
            "growl": "1.10.3",
            "he": "1.1.1",
            "mkdirp": "0.5.1",
            "supports-color": "4.4.0"
          }
        },
        "moment": {
          "version": "2.19.2",
          "bundled": true
        },
        "ms": {
          "version": "2.0.0",
          "bundled": true
        },
        "once": {
          "version": "1.4.0",
          "bundled": true,
          "requires": {
            "wrappy": "1.0.2"
          }
        },
        "path-is-absolute": {
          "version": "1.0.1",
          "bundled": true
        },
        "pathval": {
          "version": "1.1.0",
          "bundled": true
        },
        "supports-color": {
          "version": "4.4.0",
          "bundled": true,
          "requires": {
            "has-flag": "2.0.0"
          }
        },
        "type-detect": {
          "version": "4.0.5",
          "bundled": true
        },
        "typescript": {
          "version": "2.6.1",
          "bundled": true
        },
        "vamtiger-argv": {
          "version": "1.2.0",
          "bundled": true
        },
        "vamtiger-bash": {
          "version": "0.0.11",
          "bundled": true,
          "requires": {
            "bluebird": "3.5.1"
          }
        },
        "vamtiger-test-node-typescript-repository": {
          "version": "0.0.36",
          "bundled": true
        },
        "wrappy": {
          "version": "1.0.2",
          "bundled": true
        },
        "xregexp": {
          "version": "3.2.0",
          "bundled": true
        }
      }
    }
  }
}
